
Microsoft Visual Studio Solution File, Format Version 12.00
# Visual Studio Version 16
VisualStudioVersion = 16.0.31424.327
MinimumVisualStudioVersion = 10.0.40219.1
Project("{FAE04EC0-301F-11D3-BF4B-00C04F79EFBC}") = "CuadrosTexto", "CuadrosTexto\CuadrosTexto.csproj", "{55082CF3-CD57-41FF-BCAB-2071FAFEA0DD}"
EndProject
Global
	GlobalSection(SolutionConfigurationPlatforms) = preSolution
		Debug|Any CPU = Debug|Any CPU
		Release|Any CPU = Release|Any CPU
	EndGlobalSection
	GlobalSection(ProjectConfigurationPlatforms) = postSolution
		{55082CF3-CD57-41FF-BCAB-2071FAFEA0DD}.Debug|Any CPU.ActiveCfg = Debug|Any CPU
		{55082CF3-CD57-41FF-BCAB-2071FAFEA0DD}.Debug|Any CPU.Build.0 = Debug|Any CPU
		{55082CF3-CD57-41FF-BCAB-2071FAFEA0DD}.Release|Any CPU.ActiveCfg = Release|Any CPU
		{55082CF3-CD57-41FF-BCAB-2071FAFEA0DD}.Release|Any CPU.Build.0 = Release|Any CPU
	EndGlobalSection
	GlobalSection(SolutionProperties) = preSolution
		HideSolutionNode = FALSE
	EndGlobalSection
	GlobalSection(ExtensibilityGlobals) = postSolution
		SolutionGuid = {B8F9805C-E500-4D5A-B0C9-C0ACA811D308}
	EndGlobalSection
EndGlobal
